
Microsoft Visual Studio Solution File, Format Version 12.00
# Visual Studio Version 16
VisualStudioVersion = 16.0.30907.101
MinimumVisualStudioVersion = 10.0.40219.1
Project("{FAE04EC0-301F-11D3-BF4B-00C04F79EFBC}") = "SPEventReceiverNotificationsLayouts", "SPEventReceiverNotificationsLayouts\SPEventReceiverNotificationsLayouts.csproj", "{F4E717B9-52C2-4DCF-A8D8-84053BBBBFE5}"
EndProject
Project("{FAE04EC0-301F-11D3-BF4B-00C04F79EFBC}") = "SPEventReceiverNotificationsLib", "SPEventReceiverNotificationsLib\SPEventReceiverNotificationsLib.csproj", "{5D605E14-0CDC-4965-8B9B-B4932A97C568}"
EndProject
Project("{FAE04EC0-301F-11D3-BF4B-00C04F79EFBC}") = "SPCustomHelpers", "SPCustomHelpers\SPCustomHelpers.csproj", "{901CFD7A-02D3-4284-9487-86AE326C18A9}"
EndProject
Project("{FAE04EC0-301F-11D3-BF4B-00C04F79EFBC}") = "SPItemFieldWrapper", "SPItemFieldWrapper\SPItemFieldWrapper.csproj", "{68492673-8BBE-4911-A784-00A8B40AE5A1}"
EndProject
Project("{FAE04EC0-301F-11D3-BF4B-00C04F79EFBC}") = "SPEventReceiverNotifications", "SPEventReceiverNotifications\SPEventReceiverNotifications.csproj", "{0491D58B-E731-448C-96A3-9FBF73B60ECD}"
EndProject
Global
	GlobalSection(SolutionConfigurationPlatforms) = preSolution
		Debug|Any CPU = Debug|Any CPU
		Release|Any CPU = Release|Any CPU
	EndGlobalSection
	GlobalSection(ProjectConfigurationPlatforms) = postSolution
		{F4E717B9-52C2-4DCF-A8D8-84053BBBBFE5}.Debug|Any CPU.ActiveCfg = Debug|Any CPU
		{F4E717B9-52C2-4DCF-A8D8-84053BBBBFE5}.Debug|Any CPU.Build.0 = Debug|Any CPU
		{F4E717B9-52C2-4DCF-A8D8-84053BBBBFE5}.Debug|Any CPU.Deploy.0 = Debug|Any CPU
		{F4E717B9-52C2-4DCF-A8D8-84053BBBBFE5}.Release|Any CPU.ActiveCfg = Release|Any CPU
		{F4E717B9-52C2-4DCF-A8D8-84053BBBBFE5}.Release|Any CPU.Build.0 = Release|Any CPU
		{F4E717B9-52C2-4DCF-A8D8-84053BBBBFE5}.Release|Any CPU.Deploy.0 = Release|Any CPU
		{5D605E14-0CDC-4965-8B9B-B4932A97C568}.Debug|Any CPU.ActiveCfg = Debug|Any CPU
		{5D605E14-0CDC-4965-8B9B-B4932A97C568}.Debug|Any CPU.Build.0 = Debug|Any CPU
		{5D605E14-0CDC-4965-8B9B-B4932A97C568}.Release|Any CPU.ActiveCfg = Release|Any CPU
		{5D605E14-0CDC-4965-8B9B-B4932A97C568}.Release|Any CPU.Build.0 = Release|Any CPU
		{901CFD7A-02D3-4284-9487-86AE326C18A9}.Debug|Any CPU.ActiveCfg = Debug|Any CPU
		{901CFD7A-02D3-4284-9487-86AE326C18A9}.Debug|Any CPU.Build.0 = Debug|Any CPU
		{901CFD7A-02D3-4284-9487-86AE326C18A9}.Release|Any CPU.ActiveCfg = Release|Any CPU
		{901CFD7A-02D3-4284-9487-86AE326C18A9}.Release|Any CPU.Build.0 = Release|Any CPU
		{68492673-8BBE-4911-A784-00A8B40AE5A1}.Debug|Any CPU.ActiveCfg = Debug|Any CPU
		{68492673-8BBE-4911-A784-00A8B40AE5A1}.Debug|Any CPU.Build.0 = Debug|Any CPU
		{68492673-8BBE-4911-A784-00A8B40AE5A1}.Release|Any CPU.ActiveCfg = Release|Any CPU
		{68492673-8BBE-4911-A784-00A8B40AE5A1}.Release|Any CPU.Build.0 = Release|Any CPU
		{0491D58B-E731-448C-96A3-9FBF73B60ECD}.Debug|Any CPU.ActiveCfg = Debug|Any CPU
		{0491D58B-E731-448C-96A3-9FBF73B60ECD}.Debug|Any CPU.Build.0 = Debug|Any CPU
		{0491D58B-E731-448C-96A3-9FBF73B60ECD}.Debug|Any CPU.Deploy.0 = Debug|Any CPU
		{0491D58B-E731-448C-96A3-9FBF73B60ECD}.Release|Any CPU.ActiveCfg = Release|Any CPU
		{0491D58B-E731-448C-96A3-9FBF73B60ECD}.Release|Any CPU.Build.0 = Release|Any CPU
		{0491D58B-E731-448C-96A3-9FBF73B60ECD}.Release|Any CPU.Deploy.0 = Release|Any CPU
	EndGlobalSection
	GlobalSection(SolutionProperties) = preSolution
		HideSolutionNode = FALSE
	EndGlobalSection
	GlobalSection(ExtensibilityGlobals) = postSolution
		SolutionGuid = {E4025C50-D6DD-4F22-BF9B-09906491B77C}
	EndGlobalSection
EndGlobal
